
Microsoft Visual Studio Solution File, Format Version 12.00
# Visual Studio 15
VisualStudioVersion = 15.0.27428.2043
MinimumVisualStudioVersion = 10.0.40219.1
Project("{8BC9CEB8-8B4A-11D0-8D11-00A0C91BC942}") = "Cal(Template)", "Cal(Template)\Cal(Template).vcxproj", "{86F4F84B-5286-46DF-A954-CC4449AE7D91}"
EndProject
Global
	GlobalSection(SolutionConfigurationPlatforms) = preSolution
		Debug|x64 = Debug|x64
		Debug|x86 = Debug|x86
		Release|x64 = Release|x64
		Release|x86 = Release|x86
	EndGlobalSection
	GlobalSection(ProjectConfigurationPlatforms) = postSolution
		{86F4F84B-5286-46DF-A954-CC4449AE7D91}.Debug|x64.ActiveCfg = Debug|x64
		{86F4F84B-5286-46DF-A954-CC4449AE7D91}.Debug|x64.Build.0 = Debug|x64
		{86F4F84B-5286-46DF-A954-CC4449AE7D91}.Debug|x86.ActiveCfg = Debug|Win32
		{86F4F84B-5286-46DF-A954-CC4449AE7D91}.Debug|x86.Build.0 = Debug|Win32
		{86F4F84B-5286-46DF-A954-CC4449AE7D91}.Release|x64.ActiveCfg = Release|x64
		{86F4F84B-5286-46DF-A954-CC4449AE7D91}.Release|x64.Build.0 = Release|x64
		{86F4F84B-5286-46DF-A954-CC4449AE7D91}.Release|x86.ActiveCfg = Release|Win32
		{86F4F84B-5286-46DF-A954-CC4449AE7D91}.Release|x86.Build.0 = Release|Win32
	EndGlobalSection
	GlobalSection(SolutionProperties) = preSolution
		HideSolutionNode = FALSE
	EndGlobalSection
	GlobalSection(ExtensibilityGlobals) = postSolution
		SolutionGuid = {9DB6B2B4-F050-4DDA-82CE-3F7B4F3FB941}
	EndGlobalSection
EndGlobal
